// !$*UTF8*$!
{
	archiveVersion = 1;
	classes = {
	};
	objectVersion = 45;
	objects = {

/* Begin PBXBuildFile section */
		040BDE6D11F68F7500DF3509 /* ExceptionHandling.framework in Frameworks */ = {isa = PBXBuildFile; fileRef = 040BDE6C11F68F7500DF3509 /* ExceptionHandling.framework */; };
		044F436511DB40E200CC5D43 /* XADMaster.framework in Frameworks */ = {isa = PBXBuildFile; fileRef = 044F436411DB40E200CC5D43 /* XADMaster.framework */; };
		044F436811DB40E900CC5D43 /* XADMaster.framework in Copy Frameworks */ = {isa = PBXBuildFile; fileRef = 044F436411DB40E200CC5D43 /* XADMaster.framework */; };
		04A56C9F11D93D26000E5E5D /* OpenGL.framework in Frameworks */ = {isa = PBXBuildFile; fileRef = 04A56C9E11D93D26000E5E5D /* OpenGL.framework */; };
		04CDA3D3122B113C002F96C5 /* afmagickcli in Resources */ = {isa = PBXBuildFile; fileRef = 04CDA3D1122B113C002F96C5 /* afmagickcli */; };
		04CDA3D4122B113C002F96C5 /* afconvert in Resources */ = {isa = PBXBuildFile; fileRef = 04CDA3D2122B113C002F96C5 /* afconvert */; };
		04CDA3D7122B1180002F96C5 /* afmagickcli in Copy Auxiliary Executables */ = {isa = PBXBuildFile; fileRef = 04CDA3D1122B113C002F96C5 /* afmagickcli */; };
		04CDA3D8122B1180002F96C5 /* afconvert in Copy Auxiliary Executables */ = {isa = PBXBuildFile; fileRef = 04CDA3D2122B113C002F96C5 /* afconvert */; };
		04CDA408122B1659002F96C5 /* afidentify in Resources */ = {isa = PBXBuildFile; fileRef = 04CDA407122B1659002F96C5 /* afidentify */; };
		04CDA42F122B166E002F96C5 /* afidentify in Copy Auxiliary Executables */ = {isa = PBXBuildFile; fileRef = 04CDA407122B1659002F96C5 /* afidentify */; };
		04EB546C11DAB080000F4721 /* libz.1.dylib in Frameworks */ = {isa = PBXBuildFile; fileRef = 04A56CA411D93D68000E5E5D /* libz.1.dylib */; };
		1DDD582D0DA1D0D100B32029 /* MainMenu.xib in Resources */ = {isa = PBXBuildFile; fileRef = 1DDD582A0DA1D0D100B32029 /* MainMenu.xib */; };
		8D15AC2C0486D014006FF6A4 /* Credits.rtf in Resources */ = {isa = PBXBuildFile; fileRef = 2A37F4B9FDCFA73011CA2CEA /* Credits.rtf */; };
		8D15AC2F0486D014006FF6A4 /* InfoPlist.strings in Resources */ = {isa = PBXBuildFile; fileRef = 089C165FFE840EACC02AAC07 /* InfoPlist.strings */; };
		8D15AC320486D014006FF6A4 /* main.m in Sources */ = {isa = PBXBuildFile; fileRef = 2A37F4B0FDCFA73011CA2CEA /* main.m */; settings = {ATTRIBUTES = (); }; };
		8D15AC340486D014006FF6A4 /* Cocoa.framework in Frameworks */ = {isa = PBXBuildFile; fileRef = 1058C7A7FEA54F5311CA2CBB /* Cocoa.framework */; };
/* End PBXBuildFile section */

/* Begin PBXCopyFilesBuildPhase section */
		042B63F911DB34B500E12161 /* Copy Frameworks */ = {
			isa = PBXCopyFilesBuildPhase;
			buildActionMask = 2147483647;
			dstPath = "";
			dstSubfolderSpec = 10;
			files = (
				044F436811DB40E900CC5D43 /* XADMaster.framework in Copy Frameworks */,
			);
			name = "Copy Frameworks";
			runOnlyForDeploymentPostprocessing = 0;
		};
		042F18AA11F300F000661120 /* Copy Auxiliary Executables */ = {
			isa = PBXCopyFilesBuildPhase;
			buildActionMask = 2147483647;
			dstPath = "";
			dstSubfolderSpec = 6;
			files = (
				04CDA42F122B166E002F96C5 /* afidentify in Copy Auxiliary Executables */,
				04CDA3D7122B1180002F96C5 /* afmagickcli in Copy Auxiliary Executables */,
				04CDA3D8122B1180002F96C5 /* afconvert in Copy Auxiliary Executables */,
			);
			name = "Copy Auxiliary Executables";
			runOnlyForDeploymentPostprocessing = 0;
		};
/* End PBXCopyFilesBuildPhase section */

/* Begin PBXFileReference section */
		040BDE6C11F68F7500DF3509 /* ExceptionHandling.framework */ = {isa = PBXFileReference; lastKnownFileType = wrapper.framework; name = ExceptionHandling.framework; path = System/Library/Frameworks/ExceptionHandling.framework; sourceTree = SDKROOT; };
		044F436411DB40E200CC5D43 /* XADMaster.framework */ = {isa = PBXFileReference; lastKnownFileType = wrapper.framework; name = XADMaster.framework; path = AFPSD/XADMaster.framework; sourceTree = "<group>"; };
		04A56C9E11D93D26000E5E5D /* OpenGL.framework */ = {isa = PBXFileReference; lastKnownFileType = wrapper.framework; name = OpenGL.framework; path = System/Library/Frameworks/OpenGL.framework; sourceTree = SDKROOT; };
		04A56CA411D93D68000E5E5D /* libz.1.dylib */ = {isa = PBXFileReference; lastKnownFileType = "compiled.mach-o.dylib"; name = libz.1.dylib; path = /usr/lib/libz.1.dylib; sourceTree = "<absolute>"; };
		04CDA3D1122B113C002F96C5 /* afmagickcli */ = {isa = PBXFileReference; fileEncoding = 4; lastKnownFileType = text.script.sh; path = afmagickcli; sourceTree = "<group>"; };
		04CDA3D2122B113C002F96C5 /* afconvert */ = {isa = PBXFileReference; lastKnownFileType = "compiled.mach-o.executable"; path = afconvert; sourceTree = "<group>"; };
		04CDA407122B1659002F96C5 /* afidentify */ = {isa = PBXFileReference; lastKnownFileType = "compiled.mach-o.executable"; path = afidentify; sourceTree = "<group>"; };
		089C1660FE840EACC02AAC07 /* English */ = {isa = PBXFileReference; fileEncoding = 4; lastKnownFileType = text.plist.strings; name = English; path = English.lproj/InfoPlist.strings; sourceTree = "<group>"; };
		1058C7A7FEA54F5311CA2CBB /* Cocoa.framework */ = {isa = PBXFileReference; lastKnownFileType = wrapper.framework; name = Cocoa.framework; path = /System/Library/Frameworks/Cocoa.framework; sourceTree = "<absolute>"; };
		13E42FBA07B3F13500E4EEF1 /* CoreData.framework */ = {isa = PBXFileReference; lastKnownFileType = wrapper.framework; name = CoreData.framework; path = /System/Library/Frameworks/CoreData.framework; sourceTree = "<absolute>"; };
		1DDD582B0DA1D0D100B32029 /* English */ = {isa = PBXFileReference; lastKnownFileType = file.xib; name = English; path = English.lproj/MainMenu.xib; sourceTree = "<group>"; };
		2564AD2C0F5327BB00F57823 /* AFPSDImport_Prefix.pch */ = {isa = PBXFileReference; fileEncoding = 4; lastKnownFileType = sourcecode.c.h; path = AFPSDImport_Prefix.pch; sourceTree = "<group>"; };
		2A37F4B0FDCFA73011CA2CEA /* main.m */ = {isa = PBXFileReference; fileEncoding = 4; lastKnownFileType = sourcecode.c.objc; path = main.m; sourceTree = "<group>"; };
		2A37F4BAFDCFA73011CA2CEA /* English */ = {isa = PBXFileReference; lastKnownFileType = text.rtf; name = English; path = English.lproj/Credits.rtf; sourceTree = "<group>"; };
		2A37F4C4FDCFA73011CA2CEA /* AppKit.framework */ = {isa = PBXFileReference; lastKnownFileType = wrapper.framework; name = AppKit.framework; path = /System/Library/Frameworks/AppKit.framework; sourceTree = "<absolute>"; };
		2A37F4C5FDCFA73011CA2CEA /* Foundation.framework */ = {isa = PBXFileReference; lastKnownFileType = wrapper.framework; name = Foundation.framework; path = /System/Library/Frameworks/Foundation.framework; sourceTree = "<absolute>"; };
		8D15AC360486D014006FF6A4 /* AFPSDImport-Info.plist */ = {isa = PBXFileReference; fileEncoding = 4; lastKnownFileType = text.plist.xml; path = "AFPSDImport-Info.plist"; sourceTree = "<group>"; };
		8D15AC370486D014006FF6A4 /* AFPSDImport.app */ = {isa = PBXFileReference; explicitFileType = wrapper.application; includeInIndex = 0; path = AFPSDImport.app; sourceTree = BUILT_PRODUCTS_DIR; };
/* End PBXFileReference section */

/* Begin PBXFrameworksBuildPhase section */
		8D15AC330486D014006FF6A4 /* Frameworks */ = {
			isa = PBXFrameworksBuildPhase;
			buildActionMask = 2147483647;
			files = (
				8D15AC340486D014006FF6A4 /* Cocoa.framework in Frameworks */,
				04A56C9F11D93D26000E5E5D /* OpenGL.framework in Frameworks */,
				04EB546C11DAB080000F4721 /* libz.1.dylib in Frameworks */,
				044F436511DB40E200CC5D43 /* XADMaster.framework in Frameworks */,
				040BDE6D11F68F7500DF3509 /* ExceptionHandling.framework in Frameworks */,
			);
			runOnlyForDeploymentPostprocessing = 0;
		};
/* End PBXFrameworksBuildPhase section */

/* Begin PBXGroup section */
		1058C7A6FEA54F5311CA2CBB /* Linked Frameworks */ = {
			isa = PBXGroup;
			children = (
				04A56CA411D93D68000E5E5D /* libz.1.dylib */,
				1058C7A7FEA54F5311CA2CBB /* Cocoa.framework */,
				040BDE6C11F68F7500DF3509 /* ExceptionHandling.framework */,
			);
			name = "Linked Frameworks";
			sourceTree = "<group>";
		};
		1058C7A8FEA54F5311CA2CBB /* Other Frameworks */ = {
			isa = PBXGroup;
			children = (
				2A37F4C4FDCFA73011CA2CEA /* AppKit.framework */,
				13E42FBA07B3F13500E4EEF1 /* CoreData.framework */,
				2A37F4C5FDCFA73011CA2CEA /* Foundation.framework */,
			);
			name = "Other Frameworks";
			sourceTree = "<group>";
		};
		19C28FB0FE9D524F11CA2CBB /* Products */ = {
			isa = PBXGroup;
			children = (
				8D15AC370486D014006FF6A4 /* AFPSDImport.app */,
			);
			name = Products;
			sourceTree = "<group>";
		};
		2A37F4AAFDCFA73011CA2CEA /* AFPSDImport */ = {
			isa = PBXGroup;
			children = (
				2A37F4AFFDCFA73011CA2CEA /* Other Sources */,
				2A37F4B8FDCFA73011CA2CEA /* Resources */,
				2A37F4C3FDCFA73011CA2CEA /* Frameworks */,
				19C28FB0FE9D524F11CA2CBB /* Products */,
			);
			name = AFPSDImport;
			sourceTree = "<group>";
		};
		2A37F4AFFDCFA73011CA2CEA /* Other Sources */ = {
			isa = PBXGroup;
			children = (
				04CDA407122B1659002F96C5 /* afidentify */,
				04CDA3D1122B113C002F96C5 /* afmagickcli */,
				04CDA3D2122B113C002F96C5 /* afconvert */,
				2564AD2C0F5327BB00F57823 /* AFPSDImport_Prefix.pch */,
				2A37F4B0FDCFA73011CA2CEA /* main.m */,
			);
			name = "Other Sources";
			sourceTree = "<group>";
		};
		2A37F4B8FDCFA73011CA2CEA /* Resources */ = {
			isa = PBXGroup;
			children = (
				2A37F4B9FDCFA73011CA2CEA /* Credits.rtf */,
				8D15AC360486D014006FF6A4 /* AFPSDImport-Info.plist */,
				089C165FFE840EACC02AAC07 /* InfoPlist.strings */,
				1DDD582A0DA1D0D100B32029 /* MainMenu.xib */,
			);
			name = Resources;
			sourceTree = "<group>";
		};
		2A37F4C3FDCFA73011CA2CEA /* Frameworks */ = {
			isa = PBXGroup;
			children = (
				1058C7A6FEA54F5311CA2CBB /* Linked Frameworks */,
				1058C7A8FEA54F5311CA2CBB /* Other Frameworks */,
				04A56C9E11D93D26000E5E5D /* OpenGL.framework */,
				044F436411DB40E200CC5D43 /* XADMaster.framework */,
			);
			name = Frameworks;
			sourceTree = "<group>";
		};
/* End PBXGroup section */

/* Begin PBXNativeTarget section */
		8D15AC270486D014006FF6A4 /* AFPSDImport */ = {
			isa = PBXNativeTarget;
			buildConfigurationList = C05733C708A9546B00998B17 /* Build configuration list for PBXNativeTarget "AFPSDImport" */;
			buildPhases = (
				042F18AA11F300F000661120 /* Copy Auxiliary Executables */,
				8D15AC2B0486D014006FF6A4 /* Resources */,
				042B63F911DB34B500E12161 /* Copy Frameworks */,
				8D15AC300486D014006FF6A4 /* Sources */,
				8D15AC330486D014006FF6A4 /* Frameworks */,
			);
			buildRules = (
			);
			dependencies = (
			);
			name = AFPSDImport;
			productInstallPath = "$(HOME)/Applications";
			productName = AFPSDImport;
			productReference = 8D15AC370486D014006FF6A4 /* AFPSDImport.app */;
			productType = "com.apple.product-type.application";
		};
/* End PBXNativeTarget section */

/* Begin PBXProject section */
		2A37F4A9FDCFA73011CA2CEA /* Project object */ = {
			isa = PBXProject;
			buildConfigurationList = C05733CB08A9546B00998B17 /* Build configuration list for PBXProject "AFPSDImport" */;
			compatibilityVersion = "Xcode 3.1";
			developmentRegion = English;
			hasScannedForEncodings = 1;
			knownRegions = (
				English,
				Japanese,
				French,
				German,
			);
			mainGroup = 2A37F4AAFDCFA73011CA2CEA /* AFPSDImport */;
			projectDirPath = "";
			projectRoot = "";
			targets = (
				8D15AC270486D014006FF6A4 /* AFPSDImport */,
			);
		};
/* End PBXProject section */

/* Begin PBXResourcesBuildPhase section */
		8D15AC2B0486D014006FF6A4 /* Resources */ = {
			isa = PBXResourcesBuildPhase;
			buildActionMask = 2147483647;
			files = (
				8D15AC2C0486D014006FF6A4 /* Credits.rtf in Resources */,
				8D15AC2F0486D014006FF6A4 /* InfoPlist.strings in Resources */,
				1DDD582D0DA1D0D100B32029 /* MainMenu.xib in Resources */,
				04CDA3D3122B113C002F96C5 /* afmagickcli in Resources */,
				04CDA3D4122B113C002F96C5 /* afconvert in Resources */,
				04CDA408122B1659002F96C5 /* afidentify in Resources */,
			);
			runOnlyForDeploymentPostprocessing = 0;
		};
/* End PBXResourcesBuildPhase section */

/* Begin PBXSourcesBuildPhase section */
		8D15AC300486D014006FF6A4 /* Sources */ = {
			isa = PBXSourcesBuildPhase;
			buildActionMask = 2147483647;
			files = (
				8D15AC320486D014006FF6A4 /* main.m in Sources */,
			);
			runOnlyForDeploymentPostprocessing = 0;
		};
/* End PBXSourcesBuildPhase section */

/* Begin PBXVariantGroup section */
		089C165FFE840EACC02AAC07 /* InfoPlist.strings */ = {
			isa = PBXVariantGroup;
			children = (
				089C1660FE840EACC02AAC07 /* English */,
			);
			name = InfoPlist.strings;
			sourceTree = "<group>";
		};
		1DDD582A0DA1D0D100B32029 /* MainMenu.xib */ = {
			isa = PBXVariantGroup;
			children = (
				1DDD582B0DA1D0D100B32029 /* English */,
			);
			name = MainMenu.xib;
			sourceTree = "<group>";
		};
		2A37F4B9FDCFA73011CA2CEA /* Credits.rtf */ = {
			isa = PBXVariantGroup;
			children = (
				2A37F4BAFDCFA73011CA2CEA /* English */,
			);
			name = Credits.rtf;
			sourceTree = "<group>";
		};
/* End PBXVariantGroup section */

/* Begin XCBuildConfiguration section */
		C05733C808A9546B00998B17 /* Debug */ = {
			isa = XCBuildConfiguration;
			buildSettings = {
				ALWAYS_SEARCH_USER_PATHS = NO;
				COPY_PHASE_STRIP = NO;
				FRAMEWORK_SEARCH_PATHS = (
					"$(inherited)",
					"\"$(SRCROOT)/../../../../../../0/_build/Debug\"",
					"\"$(SRCROOT)\"",
					"\"$(SRCROOT)/AFPSD\"",
				);
				GCC_DYNAMIC_NO_PIC = NO;
				GCC_ENABLE_FIX_AND_CONTINUE = YES;
				GCC_MODEL_TUNING = G5;
				GCC_OPTIMIZATION_LEVEL = 0;
				GCC_PRECOMPILE_PREFIX_HEADER = YES;
				GCC_PREFIX_HEADER = AFPSDImport_Prefix.pch;
				INFOPLIST_FILE = "AFPSDImport-Info.plist";
				INSTALL_PATH = "$(HOME)/Applications";
				OTHER_CFLAGS = (
					"-DXEE_THREADED=1",
					"-DXEE_BKR=1",
				);
				PRODUCT_NAME = AFPSDImport;
			};
			name = Debug;
		};
		C05733C908A9546B00998B17 /* Release */ = {
			isa = XCBuildConfiguration;
			buildSettings = {
				ALWAYS_SEARCH_USER_PATHS = NO;
				DEBUG_INFORMATION_FORMAT = "dwarf-with-dsym";
				FRAMEWORK_SEARCH_PATHS = (
					"$(inherited)",
					"\"$(SRCROOT)\"",
					"\"$(SRCROOT)/AFPSD\"",
				);
				GCC_MODEL_TUNING = G5;
				GCC_PRECOMPILE_PREFIX_HEADER = YES;
				GCC_PREFIX_HEADER = AFPSDImport_Prefix.pch;
				INFOPLIST_FILE = "AFPSDImport-Info.plist";
				INSTALL_PATH = "$(HOME)/Applications";
				OTHER_CFLAGS = (
					"-DXEE_THREADED=1",
					"-DXEE_BKR=1",
				);
				PRODUCT_NAME = AFPSDImport;
			};
			name = Release;
		};
		C05733CC08A9546B00998B17 /* Debug */ = {
			isa = XCBuildConfiguration;
			buildSettings = {
				ARCHS = "$(ARCHS_STANDARD_32_64_BIT)";
				GCC_C_LANGUAGE_STANDARD = gnu99;
				GCC_OPTIMIZATION_LEVEL = 0;
				GCC_VERSION = com.apple.compilers.llvmgcc42;
				GCC_WARN_ABOUT_RETURN_TYPE = YES;
				GCC_WARN_UNUSED_VARIABLE = YES;
				MACOSX_DEPLOYMENT_TARGET = 10.6;
				ONLY_ACTIVE_ARCH = YES;
				PREBINDING = NO;
				SDKROOT = macosx10.6;
			};
			name = Debug;
		};
		C05733CD08A9546B00998B17 /* Release */ = {
			isa = XCBuildConfiguration;
			buildSettings = {
				ARCHS = "$(ARCHS_STANDARD_32_64_BIT)";
				GCC_C_LANGUAGE_STANDARD = gnu99;
				GCC_VERSION = com.apple.compilers.llvm.clang.1_0;
				GCC_WARN_ABOUT_RETURN_TYPE = YES;
				GCC_WARN_UNUSED_VARIABLE = YES;
				MACOSX_DEPLOYMENT_TARGET = 10.6;
				PREBINDING = NO;
				SDKROOT = macosx10.6;
			};
			name = Release;
		};
/* End XCBuildConfiguration section */

/* Begin XCConfigurationList section */
		C05733C708A9546B00998B17 /* Build configuration list for PBXNativeTarget "AFPSDImport" */ = {
			isa = XCConfigurationList;
			buildConfigurations = (
				C05733C808A9546B00998B17 /* Debug */,
				C05733C908A9546B00998B17 /* Release */,
			);
			defaultConfigurationIsVisible = 0;
			defaultConfigurationName = Release;
		};
		C05733CB08A9546B00998B17 /* Build configuration list for PBXProject "AFPSDImport" */ = {
			isa = XCConfigurationList;
			buildConfigurations = (
				C05733CC08A9546B00998B17 /* Debug */,
				C05733CD08A9546B00998B17 /* Release */,
			);
			defaultConfigurationIsVisible = 0;
			defaultConfigurationName = Release;
		};
/* End XCConfigurationList section */
	};
	rootObject = 2A37F4A9FDCFA73011CA2CEA /* Project object */;
}
